
Microsoft Visual Studio Solution File, Format Version 12.00
# Visual Studio 2013
VisualStudioVersion = 12.0.21005.1
MinimumVisualStudioVersion = 10.0.40219.1
Project("{FAE04EC0-301F-11D3-BF4B-00C04F79EFBC}") = "WebApplication1", "WebApplication1\WebApplication1.csproj", "{79325EE3-7A5B-43D0-B2EF-2365F0F155A5}"
EndProject
Project("{FAE04EC0-301F-11D3-BF4B-00C04F79EFBC}") = "ApplicationEventsDemo", "ApplicationEventsDemo\ApplicationEventsDemo.csproj", "{814C2C23-9FEB-4EF9-B24C-ACD648497284}"
EndProject
Project("{FAE04EC0-301F-11D3-BF4B-00C04F79EFBC}") = "AdonetExample", "AdonetExample\AdonetExample.csproj", "{BD2E3C63-0FA6-48B2-A100-078CDE60428B}"
EndProject
Project("{FAE04EC0-301F-11D3-BF4B-00C04F79EFBC}") = "EmployeeUpdation", "EmployeeUpdation\EmployeeUpdation.csproj", "{3F097CC2-6B5B-4F7F-810D-54C9458C3051}"
EndProject
Global
	GlobalSection(SolutionConfigurationPlatforms) = preSolution
		Debug|Any CPU = Debug|Any CPU
		Release|Any CPU = Release|Any CPU
	EndGlobalSection
	GlobalSection(ProjectConfigurationPlatforms) = postSolution
		{79325EE3-7A5B-43D0-B2EF-2365F0F155A5}.Debug|Any CPU.ActiveCfg = Debug|Any CPU
		{79325EE3-7A5B-43D0-B2EF-2365F0F155A5}.Debug|Any CPU.Build.0 = Debug|Any CPU
		{79325EE3-7A5B-43D0-B2EF-2365F0F155A5}.Release|Any CPU.ActiveCfg = Release|Any CPU
		{79325EE3-7A5B-43D0-B2EF-2365F0F155A5}.Release|Any CPU.Build.0 = Release|Any CPU
		{814C2C23-9FEB-4EF9-B24C-ACD648497284}.Debug|Any CPU.ActiveCfg = Debug|Any CPU
		{814C2C23-9FEB-4EF9-B24C-ACD648497284}.Debug|Any CPU.Build.0 = Debug|Any CPU
		{814C2C23-9FEB-4EF9-B24C-ACD648497284}.Release|Any CPU.ActiveCfg = Release|Any CPU
		{814C2C23-9FEB-4EF9-B24C-ACD648497284}.Release|Any CPU.Build.0 = Release|Any CPU
		{BD2E3C63-0FA6-48B2-A100-078CDE60428B}.Debug|Any CPU.ActiveCfg = Debug|Any CPU
		{BD2E3C63-0FA6-48B2-A100-078CDE60428B}.Debug|Any CPU.Build.0 = Debug|Any CPU
		{BD2E3C63-0FA6-48B2-A100-078CDE60428B}.Release|Any CPU.ActiveCfg = Release|Any CPU
		{BD2E3C63-0FA6-48B2-A100-078CDE60428B}.Release|Any CPU.Build.0 = Release|Any CPU
		{3F097CC2-6B5B-4F7F-810D-54C9458C3051}.Debug|Any CPU.ActiveCfg = Debug|Any CPU
		{3F097CC2-6B5B-4F7F-810D-54C9458C3051}.Debug|Any CPU.Build.0 = Debug|Any CPU
		{3F097CC2-6B5B-4F7F-810D-54C9458C3051}.Release|Any CPU.ActiveCfg = Release|Any CPU
		{3F097CC2-6B5B-4F7F-810D-54C9458C3051}.Release|Any CPU.Build.0 = Release|Any CPU
	EndGlobalSection
	GlobalSection(SolutionProperties) = preSolution
		HideSolutionNode = FALSE
	EndGlobalSection
EndGlobal
